<?xml version="1.0" encoding="utf-8"?>
<Project ToolsVersion="4.0" xmlns="http://schemas.microsoft.com/developer/msbuild/2003">
  <ItemGroup>
    <Filter Include="Source Files">
      <UniqueIdentifier>{4FC737F1-C7A5-4376-A066-2A32D752A2FF}</UniqueIdentifier>
      <Extensions>cpp;c;cc;cxx;def;odl;idl;hpj;bat;asm;asmx</Extensions>
    </Filter>
    <Filter Include="Header Files">
      <UniqueIdentifier>{93995380-89BD-4b04-88EB-625FBE52EBFB}</UniqueIdentifier>
      <Extensions>h;hpp;hxx;hm;inl;inc;xsd</Extensions>
    </Filter>
    <Filter Include="Resource Files">
      <UniqueIdentifier>{67DA6AB6-F800-4c08-8B7A-83BB121AAD01}</UniqueIdentifier>
      <Extensions>rc;ico;cur;bmp;dlg;rc2;rct;bin;rgs;gif;jpg;jpeg;jpe;resx;tiff;tif;png;wav;mfcribbon-ms</Extensions>
    </Filter>
  </ItemGroup>
  <ItemGroup>
    <ClCompile Include="FAS.cpp">
      <Filter>Source Files</Filter>
    </ClCompile>
    <ClCompile Include="MultiGrid.cpp">
      <Filter>Source Files</Filter>
    </ClCompile>
    <ClCompile Include="Utils.cpp">
      <Filter>Source Files</Filter>
    </ClCompile>
    <ClCompile Include="coarse2FineCompute.cpp">
      <Filter>Source Files</Filter>
    </ClCompile>
    <ClCompile Include="colorFlow.cpp">
      <Filter>Source Files</Filter>
    </ClCompile>
    <ClCompile Include="constructMatrix_brox.cpp">
      <Filter>Source Files</Filter>
    </ClCompile>
    <ClCompile Include="cvShowManyImages.cpp">
      <Filter>Source Files</Filter>
    </ClCompile>
    <ClCompile Include="GaussPyramid.cpp">
      <Filter>Source Files</Filter>
    </ClCompile>
    <ClCompile Include="optical_flow_demo.cpp">
      <Filter>Source Files</Filter>
    </ClCompile>
    <ClCompile Include="flowIO.cpp">
      <Filter>Source Files</Filter>
    </ClCompile>
    <ClCompile Include="flowMatrix.cpp">
      <Filter>Source Files</Filter>
    </ClCompile>
    <ClCompile Include="FlowUtils.cpp">
      <Filter>Source Files</Filter>
    </ClCompile>
    <ClCompile Include="improvements.cpp">
      <Filter>Source Files</Filter>
    </ClCompile>
    <ClCompile Include="middleburyImage.cpp">
      <Filter>Source Files</Filter>
    </ClCompile>
    <ClCompile Include="RefCntMem.cpp">
      <Filter>Source Files</Filter>
    </ClCompile>
    <ClCompile Include="SparseToolKit.cpp">
      <Filter>Source Files</Filter>
    </ClCompile>
    <ClCompile Include="toolsKit.cpp">
      <Filter>Source Files</Filter>
    </ClCompile>
    <ClCompile Include="image_tester.cpp">
      <Filter>Source Files</Filter>
    </ClCompile>
  </ItemGroup>
  <ItemGroup>
    <ClInclude Include="FAS.h">
      <Filter>Header Files</Filter>
    </ClInclude>
    <ClInclude Include="MultiGrid.h">
      <Filter>Header Files</Filter>
    </ClInclude>
    <ClInclude Include="SparseMat.h">
      <Filter>Header Files</Filter>
    </ClInclude>
    <ClInclude Include="Utils.h">
      <Filter>Header Files</Filter>
    </ClInclude>
    <ClInclude Include="coarse2FineCompute.h">
      <Filter>Header Files</Filter>
    </ClInclude>
    <ClInclude Include="constructMatrix_brox.h">
      <Filter>Header Files</Filter>
    </ClInclude>
    <ClInclude Include="cvShowManyImages.h">
      <Filter>Header Files</Filter>
    </ClInclude>
    <ClInclude Include="GaussPyramid.h">
      <Filter>Header Files</Filter>
    </ClInclude>
    <ClInclude Include="optical_flow_demo.h">
      <Filter>Header Files</Filter>
    </ClInclude>
    <ClInclude Include="flowIO.h">
      <Filter>Header Files</Filter>
    </ClInclude>
    <ClInclude Include="flowMatrix.h">
      <Filter>Header Files</Filter>
    </ClInclude>
    <ClInclude Include="FlowUtils.h">
      <Filter>Header Files</Filter>
    </ClInclude>
    <ClInclude Include="flowUV.h">
      <Filter>Header Files</Filter>
    </ClInclude>
    <ClInclude Include="improvements.h">
      <Filter>Header Files</Filter>
    </ClInclude>
    <ClInclude Include="IplImageIterator.h">
      <Filter>Header Files</Filter>
    </ClInclude>
    <ClInclude Include="middleburyImage.h">
      <Filter>Header Files</Filter>
    </ClInclude>
    <ClInclude Include="RefCntMem.h">
      <Filter>Header Files</Filter>
    </ClInclude>
    <ClInclude Include="SparseToolKit.h">
      <Filter>Header Files</Filter>
    </ClInclude>
    <ClInclude Include="toolsKit.h">
      <Filter>Header Files</Filter>
    </ClInclude>
    <ClInclude Include="VectorToolsKit.h">
      <Filter>Header Files</Filter>
    </ClInclude>
  </ItemGroup>
  <ItemGroup>
    <None Include="helloworld_final.JPG">
      <Filter>Resource Files</Filter>
    </None>
  </ItemGroup>
</Project>